
Microsoft Visual Studio Solution File, Format Version 12.00
# Visual Studio Version 16
VisualStudioVersion = 16.0.30804.86
MinimumVisualStudioVersion = 10.0.40219.1
Project("{FAE04EC0-301F-11D3-BF4B-00C04F79EFBC}") = "XboxDownload", "XboxDownload\XboxDownload.csproj", "{3941306A-7C34-403C-8F03-1833FFF8459C}"
EndProject
Global
	GlobalSection(SolutionConfigurationPlatforms) = preSolution
		Debug|Any CPU = Debug|Any CPU
		Release|Any CPU = Release|Any CPU
	EndGlobalSection
	GlobalSection(ProjectConfigurationPlatforms) = postSolution
		{3941306A-7C34-403C-8F03-1833FFF8459C}.Debug|Any CPU.ActiveCfg = Debug|Any CPU
		{3941306A-7C34-403C-8F03-1833FFF8459C}.Debug|Any CPU.Build.0 = Debug|Any CPU
		{3941306A-7C34-403C-8F03-1833FFF8459C}.Release|Any CPU.ActiveCfg = Release|Any CPU
		{3941306A-7C34-403C-8F03-1833FFF8459C}.Release|Any CPU.Build.0 = Release|Any CPU
	EndGlobalSection
	GlobalSection(SolutionProperties) = preSolution
		HideSolutionNode = FALSE
	EndGlobalSection
	GlobalSection(ExtensibilityGlobals) = postSolution
		SolutionGuid = {C95A461B-CC7F-42ED-AAFB-D9B93FD6C94F}
	EndGlobalSection
EndGlobal
